
Microsoft Visual Studio Solution File, Format Version 12.00
# Visual Studio Version 17
VisualStudioVersion = 17.5.002.0
MinimumVisualStudioVersion = 10.0.40219.1
Project("{9A19103F-16F7-4668-BE54-9A1E7A4F7556}") = "c_sharp_backend", "c_sharp_backend\c_sharp_backend.csproj", "{B07AD6DE-C523-4AF4-A2E9-D3D35F78DBA5}"
EndProject
Global
	GlobalSection(SolutionConfigurationPlatforms) = preSolution
		Debug|Any CPU = Debug|Any CPU
		Release|Any CPU = Release|Any CPU
	EndGlobalSection
	GlobalSection(ProjectConfigurationPlatforms) = postSolution
		{B07AD6DE-C523-4AF4-A2E9-D3D35F78DBA5}.Debug|Any CPU.ActiveCfg = Debug|Any CPU
		{B07AD6DE-C523-4AF4-A2E9-D3D35F78DBA5}.Debug|Any CPU.Build.0 = Debug|Any CPU
		{B07AD6DE-C523-4AF4-A2E9-D3D35F78DBA5}.Release|Any CPU.ActiveCfg = Release|Any CPU
		{B07AD6DE-C523-4AF4-A2E9-D3D35F78DBA5}.Release|Any CPU.Build.0 = Release|Any CPU
	EndGlobalSection
	GlobalSection(SolutionProperties) = preSolution
		HideSolutionNode = FALSE
	EndGlobalSection
	GlobalSection(ExtensibilityGlobals) = postSolution
		SolutionGuid = {D1C7BD40-CD78-4207-A66B-C43BC78F80BD}
	EndGlobalSection
EndGlobal
